// !$*UTF8*$!
{
	archiveVersion = 1;
	classes = {
	};
	objectVersion = 56;
	objects = {

/* Begin PBXBuildFile section */
		734683E82C7DAAE60012AB1E /* AppDelegate.swift in Sources */ = {isa = PBXBuildFile; fileRef = 734683E72C7DAAE60012AB1E /* AppDelegate.swift */; };
		734683EA2C7DAAE60012AB1E /* SceneDelegate.swift in Sources */ = {isa = PBXBuildFile; fileRef = 734683E92C7DAAE60012AB1E /* SceneDelegate.swift */; };
		734683EC2C7DAAE60012AB1E /* ViewController.swift in Sources */ = {isa = PBXBuildFile; fileRef = 734683EB2C7DAAE60012AB1E /* ViewController.swift */; };
		734683F12C7DAAE80012AB1E /* Assets.xcassets in Resources */ = {isa = PBXBuildFile; fileRef = 734683F02C7DAAE80012AB1E /* Assets.xcassets */; };
		734683F42C7DAAE80012AB1E /* LaunchScreen.storyboard in Resources */ = {isa = PBXBuildFile; fileRef = 734683F22C7DAAE80012AB1E /* LaunchScreen.storyboard */; };
		73F42E1C2C870D680012B264 /* NetworkManager.swift in Sources */ = {isa = PBXBuildFile; fileRef = 73F42E1B2C870D680012B264 /* NetworkManager.swift */; };
		73F42E1E2C870FBC0012B264 /* CryptoScreen.swift in Sources */ = {isa = PBXBuildFile; fileRef = 73F42E1D2C870FBC0012B264 /* CryptoScreen.swift */; };
		73F42E202C8710620012B264 /* CryptoTableViewCell.swift in Sources */ = {isa = PBXBuildFile; fileRef = 73F42E1F2C8710620012B264 /* CryptoTableViewCell.swift */; };
		73F42E222C87174C0012B264 /* APIResponse.swift in Sources */ = {isa = PBXBuildFile; fileRef = 73F42E212C87174C0012B264 /* APIResponse.swift */; };
		73F42E242C8868380012B264 /* CryptoTableViewCellViewModel.swift in Sources */ = {isa = PBXBuildFile; fileRef = 73F42E232C8868370012B264 /* CryptoTableViewCellViewModel.swift */; };
/* End PBXBuildFile section */

/* Begin PBXFileReference section */
		734683E42C7DAAE60012AB1E /* CrypCheck.app */ = {isa = PBXFileReference; explicitFileType = wrapper.application; includeInIndex = 0; path = CrypCheck.app; sourceTree = BUILT_PRODUCTS_DIR; };
		734683E72C7DAAE60012AB1E /* AppDelegate.swift */ = {isa = PBXFileReference; lastKnownFileType = sourcecode.swift; path = AppDelegate.swift; sourceTree = "<group>"; };
		734683E92C7DAAE60012AB1E /* SceneDelegate.swift */ = {isa = PBXFileReference; lastKnownFileType = sourcecode.swift; path = SceneDelegate.swift; sourceTree = "<group>"; };
		734683EB2C7DAAE60012AB1E /* ViewController.swift */ = {isa = PBXFileReference; lastKnownFileType = sourcecode.swift; path = ViewController.swift; sourceTree = "<group>"; };
		734683F02C7DAAE80012AB1E /* Assets.xcassets */ = {isa = PBXFileReference; lastKnownFileType = folder.assetcatalog; path = Assets.xcassets; sourceTree = "<group>"; };
		734683F32C7DAAE80012AB1E /* Base */ = {isa = PBXFileReference; lastKnownFileType = file.storyboard; name = Base; path = Base.lproj/LaunchScreen.storyboard; sourceTree = "<group>"; };
		734683F52C7DAAE80012AB1E /* Info.plist */ = {isa = PBXFileReference; lastKnownFileType = text.plist.xml; path = Info.plist; sourceTree = "<group>"; };
		73F42E1B2C870D680012B264 /* NetworkManager.swift */ = {isa = PBXFileReference; lastKnownFileType = sourcecode.swift; path = NetworkManager.swift; sourceTree = "<group>"; };
		73F42E1D2C870FBC0012B264 /* CryptoScreen.swift */ = {isa = PBXFileReference; lastKnownFileType = sourcecode.swift; path = CryptoScreen.swift; sourceTree = "<group>"; };
		73F42E1F2C8710620012B264 /* CryptoTableViewCell.swift */ = {isa = PBXFileReference; lastKnownFileType = sourcecode.swift; path = CryptoTableViewCell.swift; sourceTree = "<group>"; };
		73F42E212C87174C0012B264 /* APIResponse.swift */ = {isa = PBXFileReference; lastKnownFileType = sourcecode.swift; path = APIResponse.swift; sourceTree = "<group>"; };
		73F42E232C8868370012B264 /* CryptoTableViewCellViewModel.swift */ = {isa = PBXFileReference; lastKnownFileType = sourcecode.swift; path = CryptoTableViewCellViewModel.swift; sourceTree = "<group>"; };
/* End PBXFileReference section */

/* Begin PBXFrameworksBuildPhase section */
		734683E12C7DAAE60012AB1E /* Frameworks */ = {
			isa = PBXFrameworksBuildPhase;
			buildActionMask = 2147483647;
			files = (
			);
			runOnlyForDeploymentPostprocessing = 0;
		};
/* End PBXFrameworksBuildPhase section */

/* Begin PBXGroup section */
		734683DB2C7DAAE60012AB1E = {
			isa = PBXGroup;
			children = (
				734683E62C7DAAE60012AB1E /* CrypCheck */,
				734683E52C7DAAE60012AB1E /* Products */,
			);
			sourceTree = "<group>";
		};
		734683E52C7DAAE60012AB1E /* Products */ = {
			isa = PBXGroup;
			children = (
				734683E42C7DAAE60012AB1E /* CrypCheck.app */,
			);
			name = Products;
			sourceTree = "<group>";
		};
		734683E62C7DAAE60012AB1E /* CrypCheck */ = {
			isa = PBXGroup;
			children = (
				734683E72C7DAAE60012AB1E /* AppDelegate.swift */,
				734683E92C7DAAE60012AB1E /* SceneDelegate.swift */,
				734683EB2C7DAAE60012AB1E /* ViewController.swift */,
				734683F02C7DAAE80012AB1E /* Assets.xcassets */,
				734683F22C7DAAE80012AB1E /* LaunchScreen.storyboard */,
				734683F52C7DAAE80012AB1E /* Info.plist */,
				73F42E1B2C870D680012B264 /* NetworkManager.swift */,
				73F42E1D2C870FBC0012B264 /* CryptoScreen.swift */,
				73F42E1F2C8710620012B264 /* CryptoTableViewCell.swift */,
				73F42E212C87174C0012B264 /* APIResponse.swift */,
				73F42E232C8868370012B264 /* CryptoTableViewCellViewModel.swift */,
			);
			path = CrypCheck;
			sourceTree = "<group>";
		};
/* End PBXGroup section */

/* Begin PBXNativeTarget section */
		734683E32C7DAAE60012AB1E /* CrypCheck */ = {
			isa = PBXNativeTarget;
			buildConfigurationList = 734683F82C7DAAE80012AB1E /* Build configuration list for PBXNativeTarget "CrypCheck" */;
			buildPhases = (
				734683E02C7DAAE60012AB1E /* Sources */,
				734683E12C7DAAE60012AB1E /* Frameworks */,
				734683E22C7DAAE60012AB1E /* Resources */,
			);
			buildRules = (
			);
			dependencies = (
			);
			name = CrypCheck;
			productName = CrypCheck;
			productReference = 734683E42C7DAAE60012AB1E /* CrypCheck.app */;
			productType = "com.apple.product-type.application";
		};
/* End PBXNativeTarget section */

/* Begin PBXProject section */
		734683DC2C7DAAE60012AB1E /* Project object */ = {
			isa = PBXProject;
			attributes = {
				BuildIndependentTargetsInParallel = 1;
				LastSwiftUpdateCheck = 1500;
				LastUpgradeCheck = 1500;
				TargetAttributes = {
					734683E32C7DAAE60012AB1E = {
						CreatedOnToolsVersion = 15.0.1;
					};
				};
			};
			buildConfigurationList = 734683DF2C7DAAE60012AB1E /* Build configuration list for PBXProject "CrypCheck" */;
			compatibilityVersion = "Xcode 14.0";
			developmentRegion = en;
			hasScannedForEncodings = 0;
			knownRegions = (
				en,
				Base,
			);
			mainGroup = 734683DB2C7DAAE60012AB1E;
			productRefGroup = 734683E52C7DAAE60012AB1E /* Products */;
			projectDirPath = "";
			projectRoot = "";
			targets = (
				734683E32C7DAAE60012AB1E /* CrypCheck */,
			);
		};
/* End PBXProject section */

/* Begin PBXResourcesBuildPhase section */
		734683E22C7DAAE60012AB1E /* Resources */ = {
			isa = PBXResourcesBuildPhase;
			buildActionMask = 2147483647;
			files = (
				734683F42C7DAAE80012AB1E /* LaunchScreen.storyboard in Resources */,
				734683F12C7DAAE80012AB1E /* Assets.xcassets in Resources */,
			);
			runOnlyForDeploymentPostprocessing = 0;
		};
/* End PBXResourcesBuildPhase section */

/* Begin PBXSourcesBuildPhase section */
		734683E02C7DAAE60012AB1E /* Sources */ = {
			isa = PBXSourcesBuildPhase;
			buildActionMask = 2147483647;
			files = (
				73F42E222C87174C0012B264 /* APIResponse.swift in Sources */,
				73F42E242C8868380012B264 /* CryptoTableViewCellViewModel.swift in Sources */,
				73F42E1E2C870FBC0012B264 /* CryptoScreen.swift in Sources */,
				73F42E1C2C870D680012B264 /* NetworkManager.swift in Sources */,
				73F42E202C8710620012B264 /* CryptoTableViewCell.swift in Sources */,
				734683EC2C7DAAE60012AB1E /* ViewController.swift in Sources */,
				734683E82C7DAAE60012AB1E /* AppDelegate.swift in Sources */,
				734683EA2C7DAAE60012AB1E /* SceneDelegate.swift in Sources */,
			);
			runOnlyForDeploymentPostprocessing = 0;
		};
/* End PBXSourcesBuildPhase section */

/* Begin PBXVariantGroup section */
		734683F22C7DAAE80012AB1E /* LaunchScreen.storyboard */ = {
			isa = PBXVariantGroup;
			children = (
				734683F32C7DAAE80012AB1E /* Base */,
			);
			name = LaunchScreen.storyboard;
			sourceTree = "<group>";
		};
/* End PBXVariantGroup section */

/* Begin XCBuildConfiguration section */
		734683F62C7DAAE80012AB1E /* Debug */ = {
			isa = XCBuildConfiguration;
			buildSettings = {
				ALWAYS_SEARCH_USER_PATHS = NO;
				ASSETCATALOG_COMPILER_GENERATE_SWIFT_ASSET_SYMBOL_EXTENSIONS = YES;
				CLANG_ANALYZER_NONNULL = YES;
				CLANG_ANALYZER_NUMBER_OBJECT_CONVERSION = YES_AGGRESSIVE;
				CLANG_CXX_LANGUAGE_STANDARD = "gnu++20";
				CLANG_ENABLE_MODULES = YES;
				CLANG_ENABLE_OBJC_ARC = YES;
				CLANG_ENABLE_OBJC_WEAK = YES;
				CLANG_WARN_BLOCK_CAPTURE_AUTORELEASING = YES;
				CLANG_WARN_BOOL_CONVERSION = YES;
				CLANG_WARN_COMMA = YES;
				CLANG_WARN_CONSTANT_CONVERSION = YES;
				CLANG_WARN_DEPRECATED_OBJC_IMPLEMENTATIONS = YES;
				CLANG_WARN_DIRECT_OBJC_ISA_USAGE = YES_ERROR;
				CLANG_WARN_DOCUMENTATION_COMMENTS = YES;
				CLANG_WARN_EMPTY_BODY = YES;
				CLANG_WARN_ENUM_CONVERSION = YES;
				CLANG_WARN_INFINITE_RECURSION = YES;
				CLANG_WARN_INT_CONVERSION = YES;
				CLANG_WARN_NON_LITERAL_NULL_CONVERSION = YES;
				CLANG_WARN_OBJC_IMPLICIT_RETAIN_SELF = YES;
				CLANG_WARN_OBJC_LITERAL_CONVERSION = YES;
				CLANG_WARN_OBJC_ROOT_CLASS = YES_ERROR;
				CLANG_WARN_QUOTED_INCLUDE_IN_FRAMEWORK_HEADER = YES;
				CLANG_WARN_RANGE_LOOP_ANALYSIS = YES;
				CLANG_WARN_STRICT_PROTOTYPES = YES;
				CLANG_WARN_SUSPICIOUS_MOVE = YES;
				CLANG_WARN_UNGUARDED_AVAILABILITY = YES_AGGRESSIVE;
				CLANG_WARN_UNREACHABLE_CODE = YES;
				CLANG_WARN__DUPLICATE_METHOD_MATCH = YES;
				COPY_PHASE_STRIP = NO;
				DEBUG_INFORMATION_FORMAT = dwarf;
				ENABLE_STRICT_OBJC_MSGSEND = YES;
				ENABLE_TESTABILITY = YES;
				ENABLE_USER_SCRIPT_SANDBOXING = YES;
				GCC_C_LANGUAGE_STANDARD = gnu17;
				GCC_DYNAMIC_NO_PIC = NO;
				GCC_NO_COMMON_BLOCKS = YES;
				GCC_OPTIMIZATION_LEVEL = 0;
				GCC_PREPROCESSOR_DEFINITIONS = (
					"DEBUG=1",
					"$(inherited)",
				);
				GCC_WARN_64_TO_32_BIT_CONVERSION = YES;
				GCC_WARN_ABOUT_RETURN_TYPE = YES_ERROR;
				GCC_WARN_UNDECLARED_SELECTOR = YES;
				GCC_WARN_UNINITIALIZED_AUTOS = YES_AGGRESSIVE;
				GCC_WARN_UNUSED_FUNCTION = YES;
				GCC_WARN_UNUSED_VARIABLE = YES;
				IPHONEOS_DEPLOYMENT_TARGET = 15.0;
				LOCALIZATION_PREFERS_STRING_CATALOGS = YES;
				MTL_ENABLE_DEBUG_INFO = INCLUDE_SOURCE;
				MTL_FAST_MATH = YES;
				ONLY_ACTIVE_ARCH = YES;
				SDKROOT = iphoneos;
				SWIFT_ACTIVE_COMPILATION_CONDITIONS = "DEBUG $(inherited)";
				SWIFT_OPTIMIZATION_LEVEL = "-Onone";
			};
			name = Debug;
		};
		734683F72C7DAAE80012AB1E /* Release */ = {
			isa = XCBuildConfiguration;
			buildSettings = {
				ALWAYS_SEARCH_USER_PATHS = NO;
				ASSETCATALOG_COMPILER_GENERATE_SWIFT_ASSET_SYMBOL_EXTENSIONS = YES;
				CLANG_ANALYZER_NONNULL = YES;
				CLANG_ANALYZER_NUMBER_OBJECT_CONVERSION = YES_AGGRESSIVE;
				CLANG_CXX_LANGUAGE_STANDARD = "gnu++20";
				CLANG_ENABLE_MODULES = YES;
				CLANG_ENABLE_OBJC_ARC = YES;
				CLANG_ENABLE_OBJC_WEAK = YES;
				CLANG_WARN_BLOCK_CAPTURE_AUTORELEASING = YES;
				CLANG_WARN_BOOL_CONVERSION = YES;
				CLANG_WARN_COMMA = YES;
				CLANG_WARN_CONSTANT_CONVERSION = YES;
				CLANG_WARN_DEPRECATED_OBJC_IMPLEMENTATIONS = YES;
				CLANG_WARN_DIRECT_OBJC_ISA_USAGE = YES_ERROR;
				CLANG_WARN_DOCUMENTATION_COMMENTS = YES;
				CLANG_WARN_EMPTY_BODY = YES;
				CLANG_WARN_ENUM_CONVERSION = YES;
				CLANG_WARN_INFINITE_RECURSION = YES;
				CLANG_WARN_INT_CONVERSION = YES;
				CLANG_WARN_NON_LITERAL_NULL_CONVERSION = YES;
				CLANG_WARN_OBJC_IMPLICIT_RETAIN_SELF = YES;
				CLANG_WARN_OBJC_LITERAL_CONVERSION = YES;
				CLANG_WARN_OBJC_ROOT_CLASS = YES_ERROR;
				CLANG_WARN_QUOTED_INCLUDE_IN_FRAMEWORK_HEADER = YES;
				CLANG_WARN_RANGE_LOOP_ANALYSIS = YES;
				CLANG_WARN_STRICT_PROTOTYPES = YES;
				CLANG_WARN_SUSPICIOUS_MOVE = YES;
				CLANG_WARN_UNGUARDED_AVAILABILITY = YES_AGGRESSIVE;
				CLANG_WARN_UNREACHABLE_CODE = YES;
				CLANG_WARN__DUPLICATE_METHOD_MATCH = YES;
				COPY_PHASE_STRIP = NO;
				DEBUG_INFORMATION_FORMAT = "dwarf-with-dsym";
				ENABLE_NS_ASSERTIONS = NO;
				ENABLE_STRICT_OBJC_MSGSEND = YES;
				ENABLE_USER_SCRIPT_SANDBOXING = YES;
				GCC_C_LANGUAGE_STANDARD = gnu17;
				GCC_NO_COMMON_BLOCKS = YES;
				GCC_WARN_64_TO_32_BIT_CONVERSION = YES;
				GCC_WARN_ABOUT_RETURN_TYPE = YES_ERROR;
				GCC_WARN_UNDECLARED_SELECTOR = YES;
				GCC_WARN_UNINITIALIZED_AUTOS = YES_AGGRESSIVE;
				GCC_WARN_UNUSED_FUNCTION = YES;
				GCC_WARN_UNUSED_VARIABLE = YES;
				IPHONEOS_DEPLOYMENT_TARGET = 15.0;
				LOCALIZATION_PREFERS_STRING_CATALOGS = YES;
				MTL_ENABLE_DEBUG_INFO = NO;
				MTL_FAST_MATH = YES;
				SDKROOT = iphoneos;
				SWIFT_COMPILATION_MODE = wholemodule;
				VALIDATE_PRODUCT = YES;
			};
			name = Release;
		};
		734683F92C7DAAE80012AB1E /* Debug */ = {
			isa = XCBuildConfiguration;
			buildSettings = {
				ASSETCATALOG_COMPILER_APPICON_NAME = AppIcon;
				ASSETCATALOG_COMPILER_GLOBAL_ACCENT_COLOR_NAME = AccentColor;
				CODE_SIGN_STYLE = Automatic;
				CURRENT_PROJECT_VERSION = 1;
				DEVELOPMENT_TEAM = L2JM98ZP8W;
				GENERATE_INFOPLIST_FILE = YES;
				INFOPLIST_FILE = CrypCheck/Info.plist;
				INFOPLIST_KEY_UIApplicationSupportsIndirectInputEvents = YES;
				INFOPLIST_KEY_UILaunchStoryboardName = LaunchScreen;
				INFOPLIST_KEY_UISupportedInterfaceOrientations_iPad = "UIInterfaceOrientationPortrait UIInterfaceOrientationPortraitUpsideDown UIInterfaceOrientationLandscapeLeft UIInterfaceOrientationLandscapeRight";
				INFOPLIST_KEY_UISupportedInterfaceOrientations_iPhone = "UIInterfaceOrientationPortrait UIInterfaceOrientationLandscapeLeft UIInterfaceOrientationLandscapeRight";
				IPHONEOS_DEPLOYMENT_TARGET = 15.0;
				LD_RUNPATH_SEARCH_PATHS = (
					"$(inherited)",
					"@executable_path/Frameworks",
				);
				MARKETING_VERSION = 1.0;
				PRODUCT_BUNDLE_IDENTIFIER = vaibhav.CrypCheck;
				PRODUCT_NAME = "$(TARGET_NAME)";
				SWIFT_EMIT_LOC_STRINGS = YES;
				SWIFT_VERSION = 5.0;
				TARGETED_DEVICE_FAMILY = "1,2";
			};
			name = Debug;
		};
		734683FA2C7DAAE80012AB1E /* Release */ = {
			isa = XCBuildConfiguration;
			buildSettings = {
				ASSETCATALOG_COMPILER_APPICON_NAME = AppIcon;
				ASSETCATALOG_COMPILER_GLOBAL_ACCENT_COLOR_NAME = AccentColor;
				CODE_SIGN_STYLE = Automatic;
				CURRENT_PROJECT_VERSION = 1;
				DEVELOPMENT_TEAM = L2JM98ZP8W;
				GENERATE_INFOPLIST_FILE = YES;
				INFOPLIST_FILE = CrypCheck/Info.plist;
				INFOPLIST_KEY_UIApplicationSupportsIndirectInputEvents = YES;
				INFOPLIST_KEY_UILaunchStoryboardName = LaunchScreen;
				INFOPLIST_KEY_UISupportedInterfaceOrientations_iPad = "UIInterfaceOrientationPortrait UIInterfaceOrientationPortraitUpsideDown UIInterfaceOrientationLandscapeLeft UIInterfaceOrientationLandscapeRight";
				INFOPLIST_KEY_UISupportedInterfaceOrientations_iPhone = "UIInterfaceOrientationPortrait UIInterfaceOrientationLandscapeLeft UIInterfaceOrientationLandscapeRight";
				IPHONEOS_DEPLOYMENT_TARGET = 15.0;
				LD_RUNPATH_SEARCH_PATHS = (
					"$(inherited)",
					"@executable_path/Frameworks",
				);
				MARKETING_VERSION = 1.0;
				PRODUCT_BUNDLE_IDENTIFIER = vaibhav.CrypCheck;
				PRODUCT_NAME = "$(TARGET_NAME)";
				SWIFT_EMIT_LOC_STRINGS = YES;
				SWIFT_VERSION = 5.0;
				TARGETED_DEVICE_FAMILY = "1,2";
			};
			name = Release;
		};
/* End XCBuildConfiguration section */

/* Begin XCConfigurationList section */
		734683DF2C7DAAE60012AB1E /* Build configuration list for PBXProject "CrypCheck" */ = {
			isa = XCConfigurationList;
			buildConfigurations = (
				734683F62C7DAAE80012AB1E /* Debug */,
				734683F72C7DAAE80012AB1E /* Release */,
			);
			defaultConfigurationIsVisible = 0;
			defaultConfigurationName = Release;
		};
		734683F82C7DAAE80012AB1E /* Build configuration list for PBXNativeTarget "CrypCheck" */ = {
			isa = XCConfigurationList;
			buildConfigurations = (
				734683F92C7DAAE80012AB1E /* Debug */,
				734683FA2C7DAAE80012AB1E /* Release */,
			);
			defaultConfigurationIsVisible = 0;
			defaultConfigurationName = Release;
		};
/* End XCConfigurationList section */
	};
	rootObject = 734683DC2C7DAAE60012AB1E /* Project object */;
}
